
Microsoft Visual Studio Solution File, Format Version 12.00
# Visual Studio Version 17
VisualStudioVersion = 17.14.36414.22 d17.14
MinimumVisualStudioVersion = 10.0.40219.1
Project("{FAE04EC0-301F-11D3-BF4B-00C04F79EFBC}") = "LESSON1", "LESSON1\LESSON1.csproj", "{35C4F202-8662-4A4E-9D6A-ECB9EF910C7D}"
EndProject
Global
	GlobalSection(SolutionConfigurationPlatforms) = preSolution
		Debug|Any CPU = Debug|Any CPU
		Release|Any CPU = Release|Any CPU
	EndGlobalSection
	GlobalSection(ProjectConfigurationPlatforms) = postSolution
		{35C4F202-8662-4A4E-9D6A-ECB9EF910C7D}.Debug|Any CPU.ActiveCfg = Debug|Any CPU
		{35C4F202-8662-4A4E-9D6A-ECB9EF910C7D}.Debug|Any CPU.Build.0 = Debug|Any CPU
		{35C4F202-8662-4A4E-9D6A-ECB9EF910C7D}.Release|Any CPU.ActiveCfg = Release|Any CPU
		{35C4F202-8662-4A4E-9D6A-ECB9EF910C7D}.Release|Any CPU.Build.0 = Release|Any CPU
	EndGlobalSection
	GlobalSection(SolutionProperties) = preSolution
		HideSolutionNode = FALSE
	EndGlobalSection
	GlobalSection(ExtensibilityGlobals) = postSolution
		SolutionGuid = {F416A964-E074-474F-AA44-A38F5A4B31A0}
	EndGlobalSection
EndGlobal
