
Microsoft Visual Studio Solution File, Format Version 12.00
# Visual Studio Version 17
VisualStudioVersion = 17.14.36414.22 d17.14
MinimumVisualStudioVersion = 10.0.40219.1
Project("{FAE04EC0-301F-11D3-BF4B-00C04F79EFBC}") = "LESSON6", "LESSON6\LESSON6.csproj", "{473AC36E-B97B-4799-964C-2A083F8D6094}"
EndProject
Global
	GlobalSection(SolutionConfigurationPlatforms) = preSolution
		Debug|Any CPU = Debug|Any CPU
		Release|Any CPU = Release|Any CPU
	EndGlobalSection
	GlobalSection(ProjectConfigurationPlatforms) = postSolution
		{473AC36E-B97B-4799-964C-2A083F8D6094}.Debug|Any CPU.ActiveCfg = Debug|Any CPU
		{473AC36E-B97B-4799-964C-2A083F8D6094}.Debug|Any CPU.Build.0 = Debug|Any CPU
		{473AC36E-B97B-4799-964C-2A083F8D6094}.Release|Any CPU.ActiveCfg = Release|Any CPU
		{473AC36E-B97B-4799-964C-2A083F8D6094}.Release|Any CPU.Build.0 = Release|Any CPU
	EndGlobalSection
	GlobalSection(SolutionProperties) = preSolution
		HideSolutionNode = FALSE
	EndGlobalSection
	GlobalSection(ExtensibilityGlobals) = postSolution
		SolutionGuid = {ECBDD8CC-FCC1-4AEF-B2AF-63109A65FE92}
	EndGlobalSection
EndGlobal
